
Microsoft Visual Studio Solution File, Format Version 12.00
Project("{FAE04EC0-301F-11D3-BF4B-00C04F79EFBC}") = "BufferSample.Lib", "BufferSample.Lib\BufferSample.Lib.csproj", "{BE43F8EC-A7D0-4A16-A586-8D3BFCAE2CF8}"
EndProject
Project("{FAE04EC0-301F-11D3-BF4B-00C04F79EFBC}") = "BufferSample.UnitTest", "BufferSample.UnitTest\BufferSample.UnitTest.csproj", "{9BF5E3C9-B1FE-4C29-B269-0070D0423E57}"
EndProject
Global
	GlobalSection(SolutionConfigurationPlatforms) = preSolution
		Debug|Any CPU = Debug|Any CPU
		Release|Any CPU = Release|Any CPU
	EndGlobalSection
	GlobalSection(ProjectConfigurationPlatforms) = postSolution
		{BE43F8EC-A7D0-4A16-A586-8D3BFCAE2CF8}.Debug|Any CPU.ActiveCfg = Debug|Any CPU
		{BE43F8EC-A7D0-4A16-A586-8D3BFCAE2CF8}.Debug|Any CPU.Build.0 = Debug|Any CPU
		{BE43F8EC-A7D0-4A16-A586-8D3BFCAE2CF8}.Release|Any CPU.ActiveCfg = Release|Any CPU
		{BE43F8EC-A7D0-4A16-A586-8D3BFCAE2CF8}.Release|Any CPU.Build.0 = Release|Any CPU
		{9BF5E3C9-B1FE-4C29-B269-0070D0423E57}.Debug|Any CPU.ActiveCfg = Debug|Any CPU
		{9BF5E3C9-B1FE-4C29-B269-0070D0423E57}.Debug|Any CPU.Build.0 = Debug|Any CPU
		{9BF5E3C9-B1FE-4C29-B269-0070D0423E57}.Release|Any CPU.ActiveCfg = Release|Any CPU
		{9BF5E3C9-B1FE-4C29-B269-0070D0423E57}.Release|Any CPU.Build.0 = Release|Any CPU
	EndGlobalSection
EndGlobal
